
Microsoft Visual Studio Solution File, Format Version 12.00
# Visual Studio Version 16
VisualStudioVersion = 16.0.28803.156
MinimumVisualStudioVersion = 10.0.40219.1
Project("{FAE04EC0-301F-11D3-BF4B-00C04F79EFBC}") = "hermes", "hermes\hermes.csproj", "{F0AC37E0-BEE9-47F2-A90D-EA17586200D1}"
EndProject
Global
	GlobalSection(SolutionConfigurationPlatforms) = preSolution
		Debug|Any CPU = Debug|Any CPU
		Release|Any CPU = Release|Any CPU
	EndGlobalSection
	GlobalSection(ProjectConfigurationPlatforms) = postSolution
		{F0AC37E0-BEE9-47F2-A90D-EA17586200D1}.Debug|Any CPU.ActiveCfg = Debug|Any CPU
		{F0AC37E0-BEE9-47F2-A90D-EA17586200D1}.Debug|Any CPU.Build.0 = Debug|Any CPU
		{F0AC37E0-BEE9-47F2-A90D-EA17586200D1}.Release|Any CPU.ActiveCfg = Release|Any CPU
		{F0AC37E0-BEE9-47F2-A90D-EA17586200D1}.Release|Any CPU.Build.0 = Release|Any CPU
	EndGlobalSection
	GlobalSection(SolutionProperties) = preSolution
		HideSolutionNode = FALSE
	EndGlobalSection
	GlobalSection(ExtensibilityGlobals) = postSolution
		SolutionGuid = {4C05E987-5185-4565-8B3A-4FCC9575CA15}
	EndGlobalSection
EndGlobal
